
Microsoft Visual Studio Solution File, Format Version 12.00
# Visual Studio Version 17
VisualStudioVersion = 17.3.32825.248
MinimumVisualStudioVersion = 10.0.40219.1
Project("{FAE04EC0-301F-11D3-BF4B-00C04F79EFBC}") = "Chattrin_Udomsomporn_Ex-02", "Chattrin_Udomsomporn_Ex-02\Chattrin_Udomsomporn_Ex-02.csproj", "{F4558C1B-BF36-4FB3-A2D2-A4B7DDFC0656}"
EndProject
Project("{FAE04EC0-301F-11D3-BF4B-00C04F79EFBC}") = "Chattrin-Udomsomporn_Ex-03", "Chattrin-Udomsomporn_Ex-03\Chattrin-Udomsomporn_Ex-03.csproj", "{F8164A00-2382-495E-B2EA-74CBA4AADD54}"
EndProject
Project("{FAE04EC0-301F-11D3-BF4B-00C04F79EFBC}") = "Chattrin_Udomsomporn_Ex-01", "Chattrin_Udomsomp_Ex01\Chattrin_Udomsomporn_Ex-01.csproj", "{2E2C1110-367C-4120-8AB4-B544C157E085}"
EndProject
Global
	GlobalSection(SolutionConfigurationPlatforms) = preSolution
		Debug|Any CPU = Debug|Any CPU
		Release|Any CPU = Release|Any CPU
	EndGlobalSection
	GlobalSection(ProjectConfigurationPlatforms) = postSolution
		{F4558C1B-BF36-4FB3-A2D2-A4B7DDFC0656}.Debug|Any CPU.ActiveCfg = Debug|Any CPU
		{F4558C1B-BF36-4FB3-A2D2-A4B7DDFC0656}.Debug|Any CPU.Build.0 = Debug|Any CPU
		{F4558C1B-BF36-4FB3-A2D2-A4B7DDFC0656}.Release|Any CPU.ActiveCfg = Release|Any CPU
		{F4558C1B-BF36-4FB3-A2D2-A4B7DDFC0656}.Release|Any CPU.Build.0 = Release|Any CPU
		{F8164A00-2382-495E-B2EA-74CBA4AADD54}.Debug|Any CPU.ActiveCfg = Debug|Any CPU
		{F8164A00-2382-495E-B2EA-74CBA4AADD54}.Debug|Any CPU.Build.0 = Debug|Any CPU
		{F8164A00-2382-495E-B2EA-74CBA4AADD54}.Release|Any CPU.ActiveCfg = Release|Any CPU
		{F8164A00-2382-495E-B2EA-74CBA4AADD54}.Release|Any CPU.Build.0 = Release|Any CPU
		{2E2C1110-367C-4120-8AB4-B544C157E085}.Debug|Any CPU.ActiveCfg = Debug|Any CPU
		{2E2C1110-367C-4120-8AB4-B544C157E085}.Debug|Any CPU.Build.0 = Debug|Any CPU
		{2E2C1110-367C-4120-8AB4-B544C157E085}.Release|Any CPU.ActiveCfg = Release|Any CPU
		{2E2C1110-367C-4120-8AB4-B544C157E085}.Release|Any CPU.Build.0 = Release|Any CPU
	EndGlobalSection
	GlobalSection(SolutionProperties) = preSolution
		HideSolutionNode = FALSE
	EndGlobalSection
	GlobalSection(ExtensibilityGlobals) = postSolution
		SolutionGuid = {84B12966-3B7E-4E09-93D1-089C967FE81A}
	EndGlobalSection
EndGlobal
