
Microsoft Visual Studio Solution File, Format Version 12.00
# Visual Studio Version 17
VisualStudioVersion = 17.3.32825.248
MinimumVisualStudioVersion = 10.0.40219.1
Project("{FAE04EC0-301F-11D3-BF4B-00C04F79EFBC}") = "Chattrin-Udomsomporn_Ex-01", "Chattrin-Udomsomporn_Ex-01\Chattrin-Udomsomporn_Ex-01.csproj", "{6E64787D-0EF5-4A19-99EC-ABC822D99CC1}"
EndProject
Global
	GlobalSection(SolutionConfigurationPlatforms) = preSolution
		Debug|Any CPU = Debug|Any CPU
		Release|Any CPU = Release|Any CPU
	EndGlobalSection
	GlobalSection(ProjectConfigurationPlatforms) = postSolution
		{6E64787D-0EF5-4A19-99EC-ABC822D99CC1}.Debug|Any CPU.ActiveCfg = Debug|Any CPU
		{6E64787D-0EF5-4A19-99EC-ABC822D99CC1}.Debug|Any CPU.Build.0 = Debug|Any CPU
		{6E64787D-0EF5-4A19-99EC-ABC822D99CC1}.Release|Any CPU.ActiveCfg = Release|Any CPU
		{6E64787D-0EF5-4A19-99EC-ABC822D99CC1}.Release|Any CPU.Build.0 = Release|Any CPU
	EndGlobalSection
	GlobalSection(SolutionProperties) = preSolution
		HideSolutionNode = FALSE
	EndGlobalSection
	GlobalSection(ExtensibilityGlobals) = postSolution
		SolutionGuid = {09C72D02-FB1E-4A1D-AD9B-FCCA6E316D4F}
	EndGlobalSection
EndGlobal
